
Microsoft Visual Studio Solution File, Format Version 12.00
# Visual Studio Version 16
VisualStudioVersion = 16.0.29102.190
MinimumVisualStudioVersion = 10.0.40219.1
Project("{FAE04EC0-301F-11D3-BF4B-00C04F79EFBC}") = "AnalyzeTask", "AnalyzeTask\AnalyzeTask.csproj", "{DC081EC2-FAAC-4DCB-9491-7FC39C81F927}"
EndProject
Project("{FAE04EC0-301F-11D3-BF4B-00C04F79EFBC}") = "UnitTestTask", "UnitTestTask\UnitTestTask.csproj", "{6366EFA5-2699-4DD8-9E6E-227E8E1CD47B}"
EndProject
Global
	GlobalSection(SolutionConfigurationPlatforms) = preSolution
		Debug|Any CPU = Debug|Any CPU
		Release|Any CPU = Release|Any CPU
	EndGlobalSection
	GlobalSection(ProjectConfigurationPlatforms) = postSolution
		{DC081EC2-FAAC-4DCB-9491-7FC39C81F927}.Debug|Any CPU.ActiveCfg = Debug|Any CPU
		{DC081EC2-FAAC-4DCB-9491-7FC39C81F927}.Debug|Any CPU.Build.0 = Debug|Any CPU
		{DC081EC2-FAAC-4DCB-9491-7FC39C81F927}.Release|Any CPU.ActiveCfg = Release|Any CPU
		{DC081EC2-FAAC-4DCB-9491-7FC39C81F927}.Release|Any CPU.Build.0 = Release|Any CPU
		{6366EFA5-2699-4DD8-9E6E-227E8E1CD47B}.Debug|Any CPU.ActiveCfg = Debug|Any CPU
		{6366EFA5-2699-4DD8-9E6E-227E8E1CD47B}.Debug|Any CPU.Build.0 = Debug|Any CPU
		{6366EFA5-2699-4DD8-9E6E-227E8E1CD47B}.Release|Any CPU.ActiveCfg = Release|Any CPU
		{6366EFA5-2699-4DD8-9E6E-227E8E1CD47B}.Release|Any CPU.Build.0 = Release|Any CPU
	EndGlobalSection
	GlobalSection(SolutionProperties) = preSolution
		HideSolutionNode = FALSE
	EndGlobalSection
	GlobalSection(ExtensibilityGlobals) = postSolution
		SolutionGuid = {7470908F-A108-44F7-97DC-DF06C2EBEAE3}
	EndGlobalSection
EndGlobal
